
Microsoft Visual Studio Solution File, Format Version 12.00
# Visual Studio Version 16
VisualStudioVersion = 16.0.29519.181
MinimumVisualStudioVersion = 10.0.40219.1
Project("{FAE04EC0-301F-11D3-BF4B-00C04F79EFBC}") = "BuscaAPI", "BuscaAPI.csproj", "{1DEBC0C6-CA4D-42AA-BF84-0BF0C7FF8914}"
EndProject
Global
	GlobalSection(SolutionConfigurationPlatforms) = preSolution
		Debug|Any CPU = Debug|Any CPU
		Release|Any CPU = Release|Any CPU
	EndGlobalSection
	GlobalSection(ProjectConfigurationPlatforms) = postSolution
		{1DEBC0C6-CA4D-42AA-BF84-0BF0C7FF8914}.Debug|Any CPU.ActiveCfg = Debug|Any CPU
		{1DEBC0C6-CA4D-42AA-BF84-0BF0C7FF8914}.Debug|Any CPU.Build.0 = Debug|Any CPU
		{1DEBC0C6-CA4D-42AA-BF84-0BF0C7FF8914}.Release|Any CPU.ActiveCfg = Release|Any CPU
		{1DEBC0C6-CA4D-42AA-BF84-0BF0C7FF8914}.Release|Any CPU.Build.0 = Release|Any CPU
	EndGlobalSection
	GlobalSection(SolutionProperties) = preSolution
		HideSolutionNode = FALSE
	EndGlobalSection
	GlobalSection(ExtensibilityGlobals) = postSolution
		SolutionGuid = {ED4E3588-6F07-4BBC-8EF1-9FB6E1FA10B0}
	EndGlobalSection
EndGlobal
